
Microsoft Visual Studio Solution File, Format Version 12.00
# Visual Studio Version 17
VisualStudioVersion = 17.8.34511.84
MinimumVisualStudioVersion = 10.0.40219.1
Project("{9A19103F-16F7-4668-BE54-9A1E7A4F7556}") = "GitLabApiClient", "Libraries\GitLabApiClient\GitLabApiClient.csproj", "{5BA3A32E-58ED-45EE-A791-B4A5601AE922}"
EndProject
Project("{9A19103F-16F7-4668-BE54-9A1E7A4F7556}") = "ListAllMergeRequests", "Console\ListAllMergeRequests\ListAllMergeRequests.csproj", "{57EB5C9F-1112-4D08-AAE3-699CCB97F4B4}"
EndProject
Project("{9A19103F-16F7-4668-BE54-9A1E7A4F7556}") = "BuildStatus.Core", "Services\BuildStatus.Core\BuildStatus.Core.csproj", "{62BEE5BE-FD3D-4F6D-A6B7-98574EF1D725}"
EndProject
Project("{9A19103F-16F7-4668-BE54-9A1E7A4F7556}") = "BuildStatus.Wpf", "Wpf\BuildStatus.Wpf\BuildStatus.Wpf.csproj", "{83713132-137E-419D-A696-EA5433AA655A}"
EndProject
Project("{9A19103F-16F7-4668-BE54-9A1E7A4F7556}") = "BuildStatus.Avalonia", "Avalonia\BuildStatus.Avalonia\BuildStatus.Avalonia.csproj", "{CE8928EC-141E-44FA-ABD5-D7CE8A973C85}"
EndProject
Project("{2150E333-8FDC-42A3-9474-1A3956D46DE8}") = "Avalonia", "Avalonia", "{E9804CB0-429D-473F-A087-F0F3AC373DAB}"
EndProject
Project("{9A19103F-16F7-4668-BE54-9A1E7A4F7556}") = "Gitlab.MergeRequests.Avalonia", "Avalonia\Gitlab.MergeRequests.Avalonia\Gitlab.MergeRequests.Avalonia.csproj", "{12FD77BE-14A9-4EB2-9D88-63F547CCBE14}"
EndProject
Project("{9A19103F-16F7-4668-BE54-9A1E7A4F7556}") = "Gitlab.Pipelines.Avalonia", "Avalonia\Gitlab.Pipelines.Avalonia\Gitlab.Pipelines.Avalonia.csproj", "{650912BD-B819-449A-B0C8-8E3CACFEA8D0}"
EndProject
Project("{2150E333-8FDC-42A3-9474-1A3956D46DE8}") = "Services", "Services", "{F70419F9-1A46-4125-A64B-2109DF498B19}"
EndProject
Project("{2150E333-8FDC-42A3-9474-1A3956D46DE8}") = "Libraries", "Libraries", "{E777C265-1386-4580-8EBF-A47C0D602F58}"
EndProject
Project("{9A19103F-16F7-4668-BE54-9A1E7A4F7556}") = "Gitlab.MergeRequests", "Services\Gitlab.MergeRequests\Gitlab.MergeRequests.csproj", "{7EB604DB-23A3-4653-9557-F76B182BB1AB}"
EndProject
Project("{9A19103F-16F7-4668-BE54-9A1E7A4F7556}") = "Gitlab.Core", "Services\Gitlab.Core\Gitlab.Core.csproj", "{B15F74FB-5C59-478D-9DBF-8DB6EB234C44}"
EndProject
Project("{9A19103F-16F7-4668-BE54-9A1E7A4F7556}") = "Gitlab.Pipelines", "Services\Gitlab.Pipelines\Gitlab.Pipelines.csproj", "{9BFA9BF4-8F24-41A9-9559-CE8251AC5F23}"
EndProject
Project("{9A19103F-16F7-4668-BE54-9A1E7A4F7556}") = "Core", "Services\Core\Core.csproj", "{D382411D-DEB5-4C2D-A6B5-FD11AB9C6469}"
EndProject
Project("{2150E333-8FDC-42A3-9474-1A3956D46DE8}") = "Console", "Console", "{4739064E-A7C1-4B52-A050-49DE36246402}"
EndProject
Project("{2150E333-8FDC-42A3-9474-1A3956D46DE8}") = "Wpf", "Wpf", "{42F60525-CB19-4496-9DF0-518F422FA476}"
EndProject
Project("{2150E333-8FDC-42A3-9474-1A3956D46DE8}") = "Solution Items", "Solution Items", "{907EBC66-CCD7-42C8-990C-0227179EED6E}"
	ProjectSection(SolutionItems) = preProject
		.editorconfig = .editorconfig
		.gitignore = .gitignore
		Custom.ruleset = Custom.ruleset
		Directory.Build.props = Directory.Build.props
	EndProjectSection
EndProject
Project("{9A19103F-16F7-4668-BE54-9A1E7A4F7556}") = "Avalonia.Core", "Avalonia\Avalonia.Core\Avalonia.Core.csproj", "{14014745-53F9-4E0C-812F-58DB2DFE5930}"
EndProject
Project("{9A19103F-16F7-4668-BE54-9A1E7A4F7556}") = "Wpf.Core", "Wpf\Wpf.Core\Wpf.Core.csproj", "{41679224-AA85-413E-833B-30FE819461FF}"
EndProject
Project("{9A19103F-16F7-4668-BE54-9A1E7A4F7556}") = "Gitlab.MergeRequests.Wpf", "Wpf\Gitlab.MergeRequests.Wpf\Gitlab.MergeRequests.Wpf.csproj", "{DF34592F-5C74-4653-B7FD-B51366E23B2E}"
EndProject
Project("{9A19103F-16F7-4668-BE54-9A1E7A4F7556}") = "Gitlab.Pipelines.Wpf", "Wpf\Gitlab.Pipelines.Wpf\Gitlab.Pipelines.Wpf.csproj", "{161C5E36-8DDF-4B06-A6D9-D57A8E8C3EB6}"
EndProject
Project("{9A19103F-16F7-4668-BE54-9A1E7A4F7556}") = "GitlabGraphQLClient", "Libraries\GitlabGraphQLClient\GitlabGraphQLClient.csproj", "{56D88263-DF87-430C-A744-D6F245B0DA36}"
EndProject
Project("{9A19103F-16F7-4668-BE54-9A1E7A4F7556}") = "Core.Windows", "Services\Core.Windows\Core.Windows.csproj", "{060BC1ED-24D2-4463-98A2-E7FDBE9C9A9C}"
EndProject
Global
	GlobalSection(SolutionConfigurationPlatforms) = preSolution
		Debug|Any CPU = Debug|Any CPU
		Release|Any CPU = Release|Any CPU
	EndGlobalSection
	GlobalSection(ProjectConfigurationPlatforms) = postSolution
		{5BA3A32E-58ED-45EE-A791-B4A5601AE922}.Debug|Any CPU.ActiveCfg = Debug|Any CPU
		{5BA3A32E-58ED-45EE-A791-B4A5601AE922}.Debug|Any CPU.Build.0 = Debug|Any CPU
		{5BA3A32E-58ED-45EE-A791-B4A5601AE922}.Release|Any CPU.ActiveCfg = Release|Any CPU
		{5BA3A32E-58ED-45EE-A791-B4A5601AE922}.Release|Any CPU.Build.0 = Release|Any CPU
		{57EB5C9F-1112-4D08-AAE3-699CCB97F4B4}.Debug|Any CPU.ActiveCfg = Debug|Any CPU
		{57EB5C9F-1112-4D08-AAE3-699CCB97F4B4}.Debug|Any CPU.Build.0 = Debug|Any CPU
		{57EB5C9F-1112-4D08-AAE3-699CCB97F4B4}.Release|Any CPU.ActiveCfg = Release|Any CPU
		{57EB5C9F-1112-4D08-AAE3-699CCB97F4B4}.Release|Any CPU.Build.0 = Release|Any CPU
		{62BEE5BE-FD3D-4F6D-A6B7-98574EF1D725}.Debug|Any CPU.ActiveCfg = Debug|Any CPU
		{62BEE5BE-FD3D-4F6D-A6B7-98574EF1D725}.Debug|Any CPU.Build.0 = Debug|Any CPU
		{62BEE5BE-FD3D-4F6D-A6B7-98574EF1D725}.Release|Any CPU.ActiveCfg = Release|Any CPU
		{62BEE5BE-FD3D-4F6D-A6B7-98574EF1D725}.Release|Any CPU.Build.0 = Release|Any CPU
		{83713132-137E-419D-A696-EA5433AA655A}.Debug|Any CPU.ActiveCfg = Debug|Any CPU
		{83713132-137E-419D-A696-EA5433AA655A}.Debug|Any CPU.Build.0 = Debug|Any CPU
		{83713132-137E-419D-A696-EA5433AA655A}.Release|Any CPU.ActiveCfg = Release|Any CPU
		{83713132-137E-419D-A696-EA5433AA655A}.Release|Any CPU.Build.0 = Release|Any CPU
		{CE8928EC-141E-44FA-ABD5-D7CE8A973C85}.Debug|Any CPU.ActiveCfg = Debug|Any CPU
		{CE8928EC-141E-44FA-ABD5-D7CE8A973C85}.Debug|Any CPU.Build.0 = Debug|Any CPU
		{CE8928EC-141E-44FA-ABD5-D7CE8A973C85}.Release|Any CPU.ActiveCfg = Release|Any CPU
		{CE8928EC-141E-44FA-ABD5-D7CE8A973C85}.Release|Any CPU.Build.0 = Release|Any CPU
		{12FD77BE-14A9-4EB2-9D88-63F547CCBE14}.Debug|Any CPU.ActiveCfg = Debug|Any CPU
		{12FD77BE-14A9-4EB2-9D88-63F547CCBE14}.Debug|Any CPU.Build.0 = Debug|Any CPU
		{12FD77BE-14A9-4EB2-9D88-63F547CCBE14}.Release|Any CPU.ActiveCfg = Release|Any CPU
		{12FD77BE-14A9-4EB2-9D88-63F547CCBE14}.Release|Any CPU.Build.0 = Release|Any CPU
		{650912BD-B819-449A-B0C8-8E3CACFEA8D0}.Debug|Any CPU.ActiveCfg = Debug|Any CPU
		{650912BD-B819-449A-B0C8-8E3CACFEA8D0}.Debug|Any CPU.Build.0 = Debug|Any CPU
		{650912BD-B819-449A-B0C8-8E3CACFEA8D0}.Release|Any CPU.ActiveCfg = Release|Any CPU
		{650912BD-B819-449A-B0C8-8E3CACFEA8D0}.Release|Any CPU.Build.0 = Release|Any CPU
		{7EB604DB-23A3-4653-9557-F76B182BB1AB}.Debug|Any CPU.ActiveCfg = Debug|Any CPU
		{7EB604DB-23A3-4653-9557-F76B182BB1AB}.Debug|Any CPU.Build.0 = Debug|Any CPU
		{7EB604DB-23A3-4653-9557-F76B182BB1AB}.Release|Any CPU.ActiveCfg = Release|Any CPU
		{7EB604DB-23A3-4653-9557-F76B182BB1AB}.Release|Any CPU.Build.0 = Release|Any CPU
		{B15F74FB-5C59-478D-9DBF-8DB6EB234C44}.Debug|Any CPU.ActiveCfg = Debug|Any CPU
		{B15F74FB-5C59-478D-9DBF-8DB6EB234C44}.Debug|Any CPU.Build.0 = Debug|Any CPU
		{B15F74FB-5C59-478D-9DBF-8DB6EB234C44}.Release|Any CPU.ActiveCfg = Release|Any CPU
		{B15F74FB-5C59-478D-9DBF-8DB6EB234C44}.Release|Any CPU.Build.0 = Release|Any CPU
		{9BFA9BF4-8F24-41A9-9559-CE8251AC5F23}.Debug|Any CPU.ActiveCfg = Debug|Any CPU
		{9BFA9BF4-8F24-41A9-9559-CE8251AC5F23}.Debug|Any CPU.Build.0 = Debug|Any CPU
		{9BFA9BF4-8F24-41A9-9559-CE8251AC5F23}.Release|Any CPU.ActiveCfg = Release|Any CPU
		{9BFA9BF4-8F24-41A9-9559-CE8251AC5F23}.Release|Any CPU.Build.0 = Release|Any CPU
		{D382411D-DEB5-4C2D-A6B5-FD11AB9C6469}.Debug|Any CPU.ActiveCfg = Debug|Any CPU
		{D382411D-DEB5-4C2D-A6B5-FD11AB9C6469}.Debug|Any CPU.Build.0 = Debug|Any CPU
		{D382411D-DEB5-4C2D-A6B5-FD11AB9C6469}.Release|Any CPU.ActiveCfg = Release|Any CPU
		{D382411D-DEB5-4C2D-A6B5-FD11AB9C6469}.Release|Any CPU.Build.0 = Release|Any CPU
		{14014745-53F9-4E0C-812F-58DB2DFE5930}.Debug|Any CPU.ActiveCfg = Debug|Any CPU
		{14014745-53F9-4E0C-812F-58DB2DFE5930}.Debug|Any CPU.Build.0 = Debug|Any CPU
		{14014745-53F9-4E0C-812F-58DB2DFE5930}.Release|Any CPU.ActiveCfg = Release|Any CPU
		{14014745-53F9-4E0C-812F-58DB2DFE5930}.Release|Any CPU.Build.0 = Release|Any CPU
		{41679224-AA85-413E-833B-30FE819461FF}.Debug|Any CPU.ActiveCfg = Debug|Any CPU
		{41679224-AA85-413E-833B-30FE819461FF}.Debug|Any CPU.Build.0 = Debug|Any CPU
		{41679224-AA85-413E-833B-30FE819461FF}.Release|Any CPU.ActiveCfg = Release|Any CPU
		{41679224-AA85-413E-833B-30FE819461FF}.Release|Any CPU.Build.0 = Release|Any CPU
		{DF34592F-5C74-4653-B7FD-B51366E23B2E}.Debug|Any CPU.ActiveCfg = Debug|Any CPU
		{DF34592F-5C74-4653-B7FD-B51366E23B2E}.Debug|Any CPU.Build.0 = Debug|Any CPU
		{DF34592F-5C74-4653-B7FD-B51366E23B2E}.Release|Any CPU.ActiveCfg = Release|Any CPU
		{DF34592F-5C74-4653-B7FD-B51366E23B2E}.Release|Any CPU.Build.0 = Release|Any CPU
		{161C5E36-8DDF-4B06-A6D9-D57A8E8C3EB6}.Debug|Any CPU.ActiveCfg = Debug|Any CPU
		{161C5E36-8DDF-4B06-A6D9-D57A8E8C3EB6}.Debug|Any CPU.Build.0 = Debug|Any CPU
		{161C5E36-8DDF-4B06-A6D9-D57A8E8C3EB6}.Release|Any CPU.ActiveCfg = Release|Any CPU
		{161C5E36-8DDF-4B06-A6D9-D57A8E8C3EB6}.Release|Any CPU.Build.0 = Release|Any CPU
		{56D88263-DF87-430C-A744-D6F245B0DA36}.Debug|Any CPU.ActiveCfg = Debug|Any CPU
		{56D88263-DF87-430C-A744-D6F245B0DA36}.Debug|Any CPU.Build.0 = Debug|Any CPU
		{56D88263-DF87-430C-A744-D6F245B0DA36}.Release|Any CPU.ActiveCfg = Release|Any CPU
		{56D88263-DF87-430C-A744-D6F245B0DA36}.Release|Any CPU.Build.0 = Release|Any CPU
		{060BC1ED-24D2-4463-98A2-E7FDBE9C9A9C}.Debug|Any CPU.ActiveCfg = Debug|Any CPU
		{060BC1ED-24D2-4463-98A2-E7FDBE9C9A9C}.Debug|Any CPU.Build.0 = Debug|Any CPU
		{060BC1ED-24D2-4463-98A2-E7FDBE9C9A9C}.Release|Any CPU.ActiveCfg = Release|Any CPU
		{060BC1ED-24D2-4463-98A2-E7FDBE9C9A9C}.Release|Any CPU.Build.0 = Release|Any CPU
	EndGlobalSection
	GlobalSection(SolutionProperties) = preSolution
		HideSolutionNode = FALSE
	EndGlobalSection
	GlobalSection(NestedProjects) = preSolution
		{5BA3A32E-58ED-45EE-A791-B4A5601AE922} = {E777C265-1386-4580-8EBF-A47C0D602F58}
		{57EB5C9F-1112-4D08-AAE3-699CCB97F4B4} = {4739064E-A7C1-4B52-A050-49DE36246402}
		{62BEE5BE-FD3D-4F6D-A6B7-98574EF1D725} = {F70419F9-1A46-4125-A64B-2109DF498B19}
		{83713132-137E-419D-A696-EA5433AA655A} = {42F60525-CB19-4496-9DF0-518F422FA476}
		{CE8928EC-141E-44FA-ABD5-D7CE8A973C85} = {E9804CB0-429D-473F-A087-F0F3AC373DAB}
		{12FD77BE-14A9-4EB2-9D88-63F547CCBE14} = {E9804CB0-429D-473F-A087-F0F3AC373DAB}
		{650912BD-B819-449A-B0C8-8E3CACFEA8D0} = {E9804CB0-429D-473F-A087-F0F3AC373DAB}
		{7EB604DB-23A3-4653-9557-F76B182BB1AB} = {F70419F9-1A46-4125-A64B-2109DF498B19}
		{B15F74FB-5C59-478D-9DBF-8DB6EB234C44} = {F70419F9-1A46-4125-A64B-2109DF498B19}
		{9BFA9BF4-8F24-41A9-9559-CE8251AC5F23} = {F70419F9-1A46-4125-A64B-2109DF498B19}
		{D382411D-DEB5-4C2D-A6B5-FD11AB9C6469} = {F70419F9-1A46-4125-A64B-2109DF498B19}
		{14014745-53F9-4E0C-812F-58DB2DFE5930} = {E9804CB0-429D-473F-A087-F0F3AC373DAB}
		{41679224-AA85-413E-833B-30FE819461FF} = {42F60525-CB19-4496-9DF0-518F422FA476}
		{DF34592F-5C74-4653-B7FD-B51366E23B2E} = {42F60525-CB19-4496-9DF0-518F422FA476}
		{161C5E36-8DDF-4B06-A6D9-D57A8E8C3EB6} = {42F60525-CB19-4496-9DF0-518F422FA476}
		{56D88263-DF87-430C-A744-D6F245B0DA36} = {E777C265-1386-4580-8EBF-A47C0D602F58}
		{060BC1ED-24D2-4463-98A2-E7FDBE9C9A9C} = {F70419F9-1A46-4125-A64B-2109DF498B19}
	EndGlobalSection
	GlobalSection(ExtensibilityGlobals) = postSolution
		SolutionGuid = {CC217847-658E-4B0D-910C-50852C8DD483}
	EndGlobalSection
EndGlobal
